
Microsoft Visual Studio Solution File, Format Version 12.00
# Visual Studio Version 16
VisualStudioVersion = 16.0.30406.217
MinimumVisualStudioVersion = 10.0.40219.1
Project("{FAE04EC0-301F-11D3-BF4B-00C04F79EFBC}") = "MeetingRoom", "MeetingRoom\MeetingRoom.csproj", "{F991003C-07B1-4313-BFFF-36D2B66B7122}"
EndProject
Global
	GlobalSection(SolutionConfigurationPlatforms) = preSolution
		Debug|Any CPU = Debug|Any CPU
		Release|Any CPU = Release|Any CPU
	EndGlobalSection
	GlobalSection(ProjectConfigurationPlatforms) = postSolution
		{F991003C-07B1-4313-BFFF-36D2B66B7122}.Debug|Any CPU.ActiveCfg = Debug|Any CPU
		{F991003C-07B1-4313-BFFF-36D2B66B7122}.Debug|Any CPU.Build.0 = Debug|Any CPU
		{F991003C-07B1-4313-BFFF-36D2B66B7122}.Release|Any CPU.ActiveCfg = Release|Any CPU
		{F991003C-07B1-4313-BFFF-36D2B66B7122}.Release|Any CPU.Build.0 = Release|Any CPU
	EndGlobalSection
	GlobalSection(SolutionProperties) = preSolution
		HideSolutionNode = FALSE
	EndGlobalSection
	GlobalSection(ExtensibilityGlobals) = postSolution
		SolutionGuid = {47431F7D-3281-4122-ACC5-F1835126C802}
	EndGlobalSection
EndGlobal
